
Microsoft Visual Studio Solution File, Format Version 12.00
# Visual Studio Version 16
VisualStudioVersion = 16.0.29728.190
MinimumVisualStudioVersion = 10.0.40219.1
Project("{FAE04EC0-301F-11D3-BF4B-00C04F79EFBC}") = "RedSpartan.IntervalTraining.Android", "src\code\RedSpartan.IntervalTraining.Android\RedSpartan.IntervalTraining.Android.csproj", "{16156A59-81A2-4CC7-881D-61DE547AEDBD}"
EndProject
Project("{FAE04EC0-301F-11D3-BF4B-00C04F79EFBC}") = "RedSpartan.IntervalTraining.iOS", "src\code\RedSpartan.IntervalTraining.iOS\RedSpartan.IntervalTraining.iOS.csproj", "{64217B23-18E6-4AD4-A8F8-8B2ACC23882E}"
EndProject
Project("{9A19103F-16F7-4668-BE54-9A1E7A4F7556}") = "RedSpartan.IntervalTraining", "src\code\RedSpartan.IntervalTraining\RedSpartan.IntervalTraining.csproj", "{44687CDC-73FD-4E90-BBBE-DB8962BACDC2}"
EndProject
Project("{2150E333-8FDC-42A3-9474-1A3956D46DE8}") = "UI", "UI", "{DED59B89-1D52-400F-8769-4899A04931DB}"
EndProject
Project("{2150E333-8FDC-42A3-9474-1A3956D46DE8}") = "Code", "Code", "{11DC4443-0015-4886-9742-9BBE946CDC95}"
EndProject
Project("{9A19103F-16F7-4668-BE54-9A1E7A4F7556}") = "RedSpartan.IntervalTraining.Repository", "src\code\RedSpartan.IntervalTraining.Repository\RedSpartan.IntervalTraining.Repository.csproj", "{30E44938-F1BD-458A-AAD1-C72C3302BD83}"
EndProject
Project("{9A19103F-16F7-4668-BE54-9A1E7A4F7556}") = "RedSpartan.IntervalTraining.RepositoryBuilder", "src\code\RedSpartan.IntervalTraining.RepositoryBuilder\RedSpartan.IntervalTraining.RepositoryBuilder.csproj", "{1EA2D36E-911F-458A-9D82-68FD0135CB19}"
EndProject
Project("{2150E333-8FDC-42A3-9474-1A3956D46DE8}") = "Platforms", "Platforms", "{03814147-1419-494A-8E37-6A2DD8235924}"
EndProject
Project("{2150E333-8FDC-42A3-9474-1A3956D46DE8}") = "Retire", "Retire", "{BA576D2A-9268-475C-BF0C-371F98EDC784}"
EndProject
Project("{9A19103F-16F7-4668-BE54-9A1E7A4F7556}") = "Mobile.Shared", "src\code\UI\Mobile\Shared\Mobile.Shared.csproj", "{9D1A03BD-E443-41D5-89D6-9B28E3AA8F9B}"
EndProject
Project("{FAE04EC0-301F-11D3-BF4B-00C04F79EFBC}") = "Mobile.Android", "src\code\UI\Mobile\Android\Mobile.Android.csproj", "{E177AFC0-40BC-42F9-883B-2C39E266487C}"
EndProject
Project("{FAE04EC0-301F-11D3-BF4B-00C04F79EFBC}") = "Mobile.iOS", "src\code\UI\Mobile\iOS\Mobile.iOS.csproj", "{FED1E95A-3C7E-476A-8BF0-66F595E652E1}"
EndProject
Project("{FAE04EC0-301F-11D3-BF4B-00C04F79EFBC}") = "Mobile.UWP", "src\code\UI\Mobile\UWP\Mobile.UWP.csproj", "{02A8CD48-4814-42C1-9C32-C8D199B577E4}"
EndProject
Global
	GlobalSection(SolutionConfigurationPlatforms) = preSolution
		Ad-Hoc|Any CPU = Ad-Hoc|Any CPU
		Ad-Hoc|ARM = Ad-Hoc|ARM
		Ad-Hoc|iPhone = Ad-Hoc|iPhone
		Ad-Hoc|iPhoneSimulator = Ad-Hoc|iPhoneSimulator
		Ad-Hoc|x64 = Ad-Hoc|x64
		Ad-Hoc|x86 = Ad-Hoc|x86
		AppStore|Any CPU = AppStore|Any CPU
		AppStore|ARM = AppStore|ARM
		AppStore|iPhone = AppStore|iPhone
		AppStore|iPhoneSimulator = AppStore|iPhoneSimulator
		AppStore|x64 = AppStore|x64
		AppStore|x86 = AppStore|x86
		Debug|Any CPU = Debug|Any CPU
		Debug|ARM = Debug|ARM
		Debug|iPhone = Debug|iPhone
		Debug|iPhoneSimulator = Debug|iPhoneSimulator
		Debug|x64 = Debug|x64
		Debug|x86 = Debug|x86
		Release|Any CPU = Release|Any CPU
		Release|ARM = Release|ARM
		Release|iPhone = Release|iPhone
		Release|iPhoneSimulator = Release|iPhoneSimulator
		Release|x64 = Release|x64
		Release|x86 = Release|x86
	EndGlobalSection
	GlobalSection(ProjectConfigurationPlatforms) = postSolution
		{16156A59-81A2-4CC7-881D-61DE547AEDBD}.Ad-Hoc|Any CPU.ActiveCfg = Release|Any CPU
		{16156A59-81A2-4CC7-881D-61DE547AEDBD}.Ad-Hoc|Any CPU.Build.0 = Release|Any CPU
		{16156A59-81A2-4CC7-881D-61DE547AEDBD}.Ad-Hoc|Any CPU.Deploy.0 = Release|Any CPU
		{16156A59-81A2-4CC7-881D-61DE547AEDBD}.Ad-Hoc|ARM.ActiveCfg = Release|Any CPU
		{16156A59-81A2-4CC7-881D-61DE547AEDBD}.Ad-Hoc|ARM.Build.0 = Release|Any CPU
		{16156A59-81A2-4CC7-881D-61DE547AEDBD}.Ad-Hoc|ARM.Deploy.0 = Release|Any CPU
		{16156A59-81A2-4CC7-881D-61DE547AEDBD}.Ad-Hoc|iPhone.ActiveCfg = Release|Any CPU
		{16156A59-81A2-4CC7-881D-61DE547AEDBD}.Ad-Hoc|iPhone.Build.0 = Release|Any CPU
		{16156A59-81A2-4CC7-881D-61DE547AEDBD}.Ad-Hoc|iPhone.Deploy.0 = Release|Any CPU
		{16156A59-81A2-4CC7-881D-61DE547AEDBD}.Ad-Hoc|iPhoneSimulator.ActiveCfg = Release|Any CPU
		{16156A59-81A2-4CC7-881D-61DE547AEDBD}.Ad-Hoc|iPhoneSimulator.Build.0 = Release|Any CPU
		{16156A59-81A2-4CC7-881D-61DE547AEDBD}.Ad-Hoc|iPhoneSimulator.Deploy.0 = Release|Any CPU
		{16156A59-81A2-4CC7-881D-61DE547AEDBD}.Ad-Hoc|x64.ActiveCfg = Release|Any CPU
		{16156A59-81A2-4CC7-881D-61DE547AEDBD}.Ad-Hoc|x64.Build.0 = Release|Any CPU
		{16156A59-81A2-4CC7-881D-61DE547AEDBD}.Ad-Hoc|x64.Deploy.0 = Release|Any CPU
		{16156A59-81A2-4CC7-881D-61DE547AEDBD}.Ad-Hoc|x86.ActiveCfg = Release|Any CPU
		{16156A59-81A2-4CC7-881D-61DE547AEDBD}.Ad-Hoc|x86.Build.0 = Release|Any CPU
		{16156A59-81A2-4CC7-881D-61DE547AEDBD}.Ad-Hoc|x86.Deploy.0 = Release|Any CPU
		{16156A59-81A2-4CC7-881D-61DE547AEDBD}.AppStore|Any CPU.ActiveCfg = Release|Any CPU
		{16156A59-81A2-4CC7-881D-61DE547AEDBD}.AppStore|Any CPU.Build.0 = Release|Any CPU
		{16156A59-81A2-4CC7-881D-61DE547AEDBD}.AppStore|Any CPU.Deploy.0 = Release|Any CPU
		{16156A59-81A2-4CC7-881D-61DE547AEDBD}.AppStore|ARM.ActiveCfg = Release|Any CPU
		{16156A59-81A2-4CC7-881D-61DE547AEDBD}.AppStore|ARM.Build.0 = Release|Any CPU
		{16156A59-81A2-4CC7-881D-61DE547AEDBD}.AppStore|ARM.Deploy.0 = Release|Any CPU
		{16156A59-81A2-4CC7-881D-61DE547AEDBD}.AppStore|iPhone.ActiveCfg = Release|Any CPU
		{16156A59-81A2-4CC7-881D-61DE547AEDBD}.AppStore|iPhone.Build.0 = Release|Any CPU
		{16156A59-81A2-4CC7-881D-61DE547AEDBD}.AppStore|iPhone.Deploy.0 = Release|Any CPU
		{16156A59-81A2-4CC7-881D-61DE547AEDBD}.AppStore|iPhoneSimulator.ActiveCfg = Release|Any CPU
		{16156A59-81A2-4CC7-881D-61DE547AEDBD}.AppStore|iPhoneSimulator.Build.0 = Release|Any CPU
		{16156A59-81A2-4CC7-881D-61DE547AEDBD}.AppStore|iPhoneSimulator.Deploy.0 = Release|Any CPU
		{16156A59-81A2-4CC7-881D-61DE547AEDBD}.AppStore|x64.ActiveCfg = Release|Any CPU
		{16156A59-81A2-4CC7-881D-61DE547AEDBD}.AppStore|x64.Build.0 = Release|Any CPU
		{16156A59-81A2-4CC7-881D-61DE547AEDBD}.AppStore|x64.Deploy.0 = Release|Any CPU
		{16156A59-81A2-4CC7-881D-61DE547AEDBD}.AppStore|x86.ActiveCfg = Release|Any CPU
		{16156A59-81A2-4CC7-881D-61DE547AEDBD}.AppStore|x86.Build.0 = Release|Any CPU
		{16156A59-81A2-4CC7-881D-61DE547AEDBD}.AppStore|x86.Deploy.0 = Release|Any CPU
		{16156A59-81A2-4CC7-881D-61DE547AEDBD}.Debug|Any CPU.ActiveCfg = Debug|Any CPU
		{16156A59-81A2-4CC7-881D-61DE547AEDBD}.Debug|Any CPU.Build.0 = Debug|Any CPU
		{16156A59-81A2-4CC7-881D-61DE547AEDBD}.Debug|Any CPU.Deploy.0 = Debug|Any CPU
		{16156A59-81A2-4CC7-881D-61DE547AEDBD}.Debug|ARM.ActiveCfg = Debug|Any CPU
		{16156A59-81A2-4CC7-881D-61DE547AEDBD}.Debug|ARM.Build.0 = Debug|Any CPU
		{16156A59-81A2-4CC7-881D-61DE547AEDBD}.Debug|ARM.Deploy.0 = Debug|Any CPU
		{16156A59-81A2-4CC7-881D-61DE547AEDBD}.Debug|iPhone.ActiveCfg = Debug|Any CPU
		{16156A59-81A2-4CC7-881D-61DE547AEDBD}.Debug|iPhone.Build.0 = Debug|Any CPU
		{16156A59-81A2-4CC7-881D-61DE547AEDBD}.Debug|iPhone.Deploy.0 = Debug|Any CPU
		{16156A59-81A2-4CC7-881D-61DE547AEDBD}.Debug|iPhoneSimulator.ActiveCfg = Debug|Any CPU
		{16156A59-81A2-4CC7-881D-61DE547AEDBD}.Debug|iPhoneSimulator.Build.0 = Debug|Any CPU
		{16156A59-81A2-4CC7-881D-61DE547AEDBD}.Debug|iPhoneSimulator.Deploy.0 = Debug|Any CPU
		{16156A59-81A2-4CC7-881D-61DE547AEDBD}.Debug|x64.ActiveCfg = Debug|Any CPU
		{16156A59-81A2-4CC7-881D-61DE547AEDBD}.Debug|x64.Build.0 = Debug|Any CPU
		{16156A59-81A2-4CC7-881D-61DE547AEDBD}.Debug|x64.Deploy.0 = Debug|Any CPU
		{16156A59-81A2-4CC7-881D-61DE547AEDBD}.Debug|x86.ActiveCfg = Debug|Any CPU
		{16156A59-81A2-4CC7-881D-61DE547AEDBD}.Debug|x86.Build.0 = Debug|Any CPU
		{16156A59-81A2-4CC7-881D-61DE547AEDBD}.Debug|x86.Deploy.0 = Debug|Any CPU
		{16156A59-81A2-4CC7-881D-61DE547AEDBD}.Release|Any CPU.ActiveCfg = Release|Any CPU
		{16156A59-81A2-4CC7-881D-61DE547AEDBD}.Release|Any CPU.Build.0 = Release|Any CPU
		{16156A59-81A2-4CC7-881D-61DE547AEDBD}.Release|Any CPU.Deploy.0 = Release|Any CPU
		{16156A59-81A2-4CC7-881D-61DE547AEDBD}.Release|ARM.ActiveCfg = Release|Any CPU
		{16156A59-81A2-4CC7-881D-61DE547AEDBD}.Release|ARM.Build.0 = Release|Any CPU
		{16156A59-81A2-4CC7-881D-61DE547AEDBD}.Release|ARM.Deploy.0 = Release|Any CPU
		{16156A59-81A2-4CC7-881D-61DE547AEDBD}.Release|iPhone.ActiveCfg = Release|Any CPU
		{16156A59-81A2-4CC7-881D-61DE547AEDBD}.Release|iPhone.Build.0 = Release|Any CPU
		{16156A59-81A2-4CC7-881D-61DE547AEDBD}.Release|iPhone.Deploy.0 = Release|Any CPU
		{16156A59-81A2-4CC7-881D-61DE547AEDBD}.Release|iPhoneSimulator.ActiveCfg = Release|Any CPU
		{16156A59-81A2-4CC7-881D-61DE547AEDBD}.Release|iPhoneSimulator.Build.0 = Release|Any CPU
		{16156A59-81A2-4CC7-881D-61DE547AEDBD}.Release|iPhoneSimulator.Deploy.0 = Release|Any CPU
		{16156A59-81A2-4CC7-881D-61DE547AEDBD}.Release|x64.ActiveCfg = Release|Any CPU
		{16156A59-81A2-4CC7-881D-61DE547AEDBD}.Release|x64.Build.0 = Release|Any CPU
		{16156A59-81A2-4CC7-881D-61DE547AEDBD}.Release|x64.Deploy.0 = Release|Any CPU
		{16156A59-81A2-4CC7-881D-61DE547AEDBD}.Release|x86.ActiveCfg = Release|Any CPU
		{16156A59-81A2-4CC7-881D-61DE547AEDBD}.Release|x86.Build.0 = Release|Any CPU
		{16156A59-81A2-4CC7-881D-61DE547AEDBD}.Release|x86.Deploy.0 = Release|Any CPU
		{64217B23-18E6-4AD4-A8F8-8B2ACC23882E}.Ad-Hoc|Any CPU.ActiveCfg = Release|iPhoneSimulator
		{64217B23-18E6-4AD4-A8F8-8B2ACC23882E}.Ad-Hoc|Any CPU.Build.0 = Release|iPhoneSimulator
		{64217B23-18E6-4AD4-A8F8-8B2ACC23882E}.Ad-Hoc|ARM.ActiveCfg = Release|iPhoneSimulator
		{64217B23-18E6-4AD4-A8F8-8B2ACC23882E}.Ad-Hoc|ARM.Build.0 = Release|iPhoneSimulator
		{64217B23-18E6-4AD4-A8F8-8B2ACC23882E}.Ad-Hoc|iPhone.ActiveCfg = Release|iPhone
		{64217B23-18E6-4AD4-A8F8-8B2ACC23882E}.Ad-Hoc|iPhone.Build.0 = Release|iPhone
		{64217B23-18E6-4AD4-A8F8-8B2ACC23882E}.Ad-Hoc|iPhoneSimulator.ActiveCfg = Release|iPhoneSimulator
		{64217B23-18E6-4AD4-A8F8-8B2ACC23882E}.Ad-Hoc|iPhoneSimulator.Build.0 = Release|iPhoneSimulator
		{64217B23-18E6-4AD4-A8F8-8B2ACC23882E}.Ad-Hoc|x64.ActiveCfg = Release|iPhoneSimulator
		{64217B23-18E6-4AD4-A8F8-8B2ACC23882E}.Ad-Hoc|x64.Build.0 = Release|iPhoneSimulator
		{64217B23-18E6-4AD4-A8F8-8B2ACC23882E}.Ad-Hoc|x86.ActiveCfg = Release|iPhoneSimulator
		{64217B23-18E6-4AD4-A8F8-8B2ACC23882E}.Ad-Hoc|x86.Build.0 = Release|iPhoneSimulator
		{64217B23-18E6-4AD4-A8F8-8B2ACC23882E}.AppStore|Any CPU.ActiveCfg = Release|iPhoneSimulator
		{64217B23-18E6-4AD4-A8F8-8B2ACC23882E}.AppStore|Any CPU.Build.0 = Release|iPhoneSimulator
		{64217B23-18E6-4AD4-A8F8-8B2ACC23882E}.AppStore|ARM.ActiveCfg = Release|iPhoneSimulator
		{64217B23-18E6-4AD4-A8F8-8B2ACC23882E}.AppStore|ARM.Build.0 = Release|iPhoneSimulator
		{64217B23-18E6-4AD4-A8F8-8B2ACC23882E}.AppStore|iPhone.ActiveCfg = Release|iPhone
		{64217B23-18E6-4AD4-A8F8-8B2ACC23882E}.AppStore|iPhone.Build.0 = Release|iPhone
		{64217B23-18E6-4AD4-A8F8-8B2ACC23882E}.AppStore|iPhoneSimulator.ActiveCfg = Release|iPhoneSimulator
		{64217B23-18E6-4AD4-A8F8-8B2ACC23882E}.AppStore|iPhoneSimulator.Build.0 = Release|iPhoneSimulator
		{64217B23-18E6-4AD4-A8F8-8B2ACC23882E}.AppStore|x64.ActiveCfg = Release|iPhoneSimulator
		{64217B23-18E6-4AD4-A8F8-8B2ACC23882E}.AppStore|x64.Build.0 = Release|iPhoneSimulator
		{64217B23-18E6-4AD4-A8F8-8B2ACC23882E}.AppStore|x86.ActiveCfg = Release|iPhoneSimulator
		{64217B23-18E6-4AD4-A8F8-8B2ACC23882E}.AppStore|x86.Build.0 = Release|iPhoneSimulator
		{64217B23-18E6-4AD4-A8F8-8B2ACC23882E}.Debug|Any CPU.ActiveCfg = Debug|iPhoneSimulator
		{64217B23-18E6-4AD4-A8F8-8B2ACC23882E}.Debug|Any CPU.Build.0 = Debug|iPhoneSimulator
		{64217B23-18E6-4AD4-A8F8-8B2ACC23882E}.Debug|Any CPU.Deploy.0 = Debug|iPhoneSimulator
		{64217B23-18E6-4AD4-A8F8-8B2ACC23882E}.Debug|ARM.ActiveCfg = Debug|iPhone
		{64217B23-18E6-4AD4-A8F8-8B2ACC23882E}.Debug|iPhone.ActiveCfg = Debug|iPhone
		{64217B23-18E6-4AD4-A8F8-8B2ACC23882E}.Debug|iPhone.Build.0 = Debug|iPhone
		{64217B23-18E6-4AD4-A8F8-8B2ACC23882E}.Debug|iPhone.Deploy.0 = Debug|iPhone
		{64217B23-18E6-4AD4-A8F8-8B2ACC23882E}.Debug|iPhoneSimulator.ActiveCfg = Debug|iPhoneSimulator
		{64217B23-18E6-4AD4-A8F8-8B2ACC23882E}.Debug|iPhoneSimulator.Build.0 = Debug|iPhoneSimulator
		{64217B23-18E6-4AD4-A8F8-8B2ACC23882E}.Debug|iPhoneSimulator.Deploy.0 = Debug|iPhoneSimulator
		{64217B23-18E6-4AD4-A8F8-8B2ACC23882E}.Debug|x64.ActiveCfg = Debug|iPhone
		{64217B23-18E6-4AD4-A8F8-8B2ACC23882E}.Debug|x86.ActiveCfg = Debug|iPhone
		{64217B23-18E6-4AD4-A8F8-8B2ACC23882E}.Release|Any CPU.ActiveCfg = Release|iPhone
		{64217B23-18E6-4AD4-A8F8-8B2ACC23882E}.Release|Any CPU.Build.0 = Release|iPhone
		{64217B23-18E6-4AD4-A8F8-8B2ACC23882E}.Release|Any CPU.Deploy.0 = Release|iPhone
		{64217B23-18E6-4AD4-A8F8-8B2ACC23882E}.Release|ARM.ActiveCfg = Release|iPhoneSimulator
		{64217B23-18E6-4AD4-A8F8-8B2ACC23882E}.Release|iPhone.ActiveCfg = Release|iPhone
		{64217B23-18E6-4AD4-A8F8-8B2ACC23882E}.Release|iPhone.Build.0 = Release|iPhone
		{64217B23-18E6-4AD4-A8F8-8B2ACC23882E}.Release|iPhone.Deploy.0 = Release|iPhone
		{64217B23-18E6-4AD4-A8F8-8B2ACC23882E}.Release|iPhoneSimulator.ActiveCfg = Release|iPhoneSimulator
		{64217B23-18E6-4AD4-A8F8-8B2ACC23882E}.Release|iPhoneSimulator.Build.0 = Release|iPhoneSimulator
		{64217B23-18E6-4AD4-A8F8-8B2ACC23882E}.Release|iPhoneSimulator.Deploy.0 = Release|iPhoneSimulator
		{64217B23-18E6-4AD4-A8F8-8B2ACC23882E}.Release|x64.ActiveCfg = Release|iPhoneSimulator
		{64217B23-18E6-4AD4-A8F8-8B2ACC23882E}.Release|x86.ActiveCfg = Release|iPhoneSimulator
		{44687CDC-73FD-4E90-BBBE-DB8962BACDC2}.Ad-Hoc|Any CPU.ActiveCfg = Release|Any CPU
		{44687CDC-73FD-4E90-BBBE-DB8962BACDC2}.Ad-Hoc|Any CPU.Build.0 = Release|Any CPU
		{44687CDC-73FD-4E90-BBBE-DB8962BACDC2}.Ad-Hoc|ARM.ActiveCfg = Release|Any CPU
		{44687CDC-73FD-4E90-BBBE-DB8962BACDC2}.Ad-Hoc|ARM.Build.0 = Release|Any CPU
		{44687CDC-73FD-4E90-BBBE-DB8962BACDC2}.Ad-Hoc|iPhone.ActiveCfg = Release|Any CPU
		{44687CDC-73FD-4E90-BBBE-DB8962BACDC2}.Ad-Hoc|iPhone.Build.0 = Release|Any CPU
		{44687CDC-73FD-4E90-BBBE-DB8962BACDC2}.Ad-Hoc|iPhoneSimulator.ActiveCfg = Release|Any CPU
		{44687CDC-73FD-4E90-BBBE-DB8962BACDC2}.Ad-Hoc|iPhoneSimulator.Build.0 = Release|Any CPU
		{44687CDC-73FD-4E90-BBBE-DB8962BACDC2}.Ad-Hoc|x64.ActiveCfg = Release|Any CPU
		{44687CDC-73FD-4E90-BBBE-DB8962BACDC2}.Ad-Hoc|x64.Build.0 = Release|Any CPU
		{44687CDC-73FD-4E90-BBBE-DB8962BACDC2}.Ad-Hoc|x86.ActiveCfg = Release|Any CPU
		{44687CDC-73FD-4E90-BBBE-DB8962BACDC2}.Ad-Hoc|x86.Build.0 = Release|Any CPU
		{44687CDC-73FD-4E90-BBBE-DB8962BACDC2}.AppStore|Any CPU.ActiveCfg = Release|Any CPU
		{44687CDC-73FD-4E90-BBBE-DB8962BACDC2}.AppStore|Any CPU.Build.0 = Release|Any CPU
		{44687CDC-73FD-4E90-BBBE-DB8962BACDC2}.AppStore|ARM.ActiveCfg = Release|Any CPU
		{44687CDC-73FD-4E90-BBBE-DB8962BACDC2}.AppStore|ARM.Build.0 = Release|Any CPU
		{44687CDC-73FD-4E90-BBBE-DB8962BACDC2}.AppStore|iPhone.ActiveCfg = Release|Any CPU
		{44687CDC-73FD-4E90-BBBE-DB8962BACDC2}.AppStore|iPhone.Build.0 = Release|Any CPU
		{44687CDC-73FD-4E90-BBBE-DB8962BACDC2}.AppStore|iPhoneSimulator.ActiveCfg = Release|Any CPU
		{44687CDC-73FD-4E90-BBBE-DB8962BACDC2}.AppStore|iPhoneSimulator.Build.0 = Release|Any CPU
		{44687CDC-73FD-4E90-BBBE-DB8962BACDC2}.AppStore|x64.ActiveCfg = Release|Any CPU
		{44687CDC-73FD-4E90-BBBE-DB8962BACDC2}.AppStore|x64.Build.0 = Release|Any CPU
		{44687CDC-73FD-4E90-BBBE-DB8962BACDC2}.AppStore|x86.ActiveCfg = Release|Any CPU
		{44687CDC-73FD-4E90-BBBE-DB8962BACDC2}.AppStore|x86.Build.0 = Release|Any CPU
		{44687CDC-73FD-4E90-BBBE-DB8962BACDC2}.Debug|Any CPU.ActiveCfg = Debug|Any CPU
		{44687CDC-73FD-4E90-BBBE-DB8962BACDC2}.Debug|Any CPU.Build.0 = Debug|Any CPU
		{44687CDC-73FD-4E90-BBBE-DB8962BACDC2}.Debug|Any CPU.Deploy.0 = Debug|Any CPU
		{44687CDC-73FD-4E90-BBBE-DB8962BACDC2}.Debug|ARM.ActiveCfg = Debug|Any CPU
		{44687CDC-73FD-4E90-BBBE-DB8962BACDC2}.Debug|ARM.Build.0 = Debug|Any CPU
		{44687CDC-73FD-4E90-BBBE-DB8962BACDC2}.Debug|iPhone.ActiveCfg = Debug|Any CPU
		{44687CDC-73FD-4E90-BBBE-DB8962BACDC2}.Debug|iPhone.Build.0 = Debug|Any CPU
		{44687CDC-73FD-4E90-BBBE-DB8962BACDC2}.Debug|iPhone.Deploy.0 = Debug|Any CPU
		{44687CDC-73FD-4E90-BBBE-DB8962BACDC2}.Debug|iPhoneSimulator.ActiveCfg = Debug|Any CPU
		{44687CDC-73FD-4E90-BBBE-DB8962BACDC2}.Debug|iPhoneSimulator.Build.0 = Debug|Any CPU
		{44687CDC-73FD-4E90-BBBE-DB8962BACDC2}.Debug|iPhoneSimulator.Deploy.0 = Debug|Any CPU
		{44687CDC-73FD-4E90-BBBE-DB8962BACDC2}.Debug|x64.ActiveCfg = Debug|Any CPU
		{44687CDC-73FD-4E90-BBBE-DB8962BACDC2}.Debug|x64.Build.0 = Debug|Any CPU
		{44687CDC-73FD-4E90-BBBE-DB8962BACDC2}.Debug|x86.ActiveCfg = Debug|Any CPU
		{44687CDC-73FD-4E90-BBBE-DB8962BACDC2}.Debug|x86.Build.0 = Debug|Any CPU
		{44687CDC-73FD-4E90-BBBE-DB8962BACDC2}.Release|Any CPU.ActiveCfg = Release|Any CPU
		{44687CDC-73FD-4E90-BBBE-DB8962BACDC2}.Release|Any CPU.Build.0 = Release|Any CPU
		{44687CDC-73FD-4E90-BBBE-DB8962BACDC2}.Release|Any CPU.Deploy.0 = Release|Any CPU
		{44687CDC-73FD-4E90-BBBE-DB8962BACDC2}.Release|ARM.ActiveCfg = Release|Any CPU
		{44687CDC-73FD-4E90-BBBE-DB8962BACDC2}.Release|ARM.Build.0 = Release|Any CPU
		{44687CDC-73FD-4E90-BBBE-DB8962BACDC2}.Release|iPhone.ActiveCfg = Release|Any CPU
		{44687CDC-73FD-4E90-BBBE-DB8962BACDC2}.Release|iPhone.Build.0 = Release|Any CPU
		{44687CDC-73FD-4E90-BBBE-DB8962BACDC2}.Release|iPhone.Deploy.0 = Release|Any CPU
		{44687CDC-73FD-4E90-BBBE-DB8962BACDC2}.Release|iPhoneSimulator.ActiveCfg = Release|Any CPU
		{44687CDC-73FD-4E90-BBBE-DB8962BACDC2}.Release|iPhoneSimulator.Build.0 = Release|Any CPU
		{44687CDC-73FD-4E90-BBBE-DB8962BACDC2}.Release|iPhoneSimulator.Deploy.0 = Release|Any CPU
		{44687CDC-73FD-4E90-BBBE-DB8962BACDC2}.Release|x64.ActiveCfg = Release|Any CPU
		{44687CDC-73FD-4E90-BBBE-DB8962BACDC2}.Release|x64.Build.0 = Release|Any CPU
		{44687CDC-73FD-4E90-BBBE-DB8962BACDC2}.Release|x86.ActiveCfg = Release|Any CPU
		{44687CDC-73FD-4E90-BBBE-DB8962BACDC2}.Release|x86.Build.0 = Release|Any CPU
		{30E44938-F1BD-458A-AAD1-C72C3302BD83}.Ad-Hoc|Any CPU.ActiveCfg = Release|Any CPU
		{30E44938-F1BD-458A-AAD1-C72C3302BD83}.Ad-Hoc|Any CPU.Build.0 = Release|Any CPU
		{30E44938-F1BD-458A-AAD1-C72C3302BD83}.Ad-Hoc|ARM.ActiveCfg = Release|Any CPU
		{30E44938-F1BD-458A-AAD1-C72C3302BD83}.Ad-Hoc|ARM.Build.0 = Release|Any CPU
		{30E44938-F1BD-458A-AAD1-C72C3302BD83}.Ad-Hoc|iPhone.ActiveCfg = Release|Any CPU
		{30E44938-F1BD-458A-AAD1-C72C3302BD83}.Ad-Hoc|iPhone.Build.0 = Release|Any CPU
		{30E44938-F1BD-458A-AAD1-C72C3302BD83}.Ad-Hoc|iPhoneSimulator.ActiveCfg = Release|Any CPU
		{30E44938-F1BD-458A-AAD1-C72C3302BD83}.Ad-Hoc|iPhoneSimulator.Build.0 = Release|Any CPU
		{30E44938-F1BD-458A-AAD1-C72C3302BD83}.Ad-Hoc|x64.ActiveCfg = Release|Any CPU
		{30E44938-F1BD-458A-AAD1-C72C3302BD83}.Ad-Hoc|x64.Build.0 = Release|Any CPU
		{30E44938-F1BD-458A-AAD1-C72C3302BD83}.Ad-Hoc|x86.ActiveCfg = Release|Any CPU
		{30E44938-F1BD-458A-AAD1-C72C3302BD83}.Ad-Hoc|x86.Build.0 = Release|Any CPU
		{30E44938-F1BD-458A-AAD1-C72C3302BD83}.AppStore|Any CPU.ActiveCfg = Release|Any CPU
		{30E44938-F1BD-458A-AAD1-C72C3302BD83}.AppStore|Any CPU.Build.0 = Release|Any CPU
		{30E44938-F1BD-458A-AAD1-C72C3302BD83}.AppStore|ARM.ActiveCfg = Release|Any CPU
		{30E44938-F1BD-458A-AAD1-C72C3302BD83}.AppStore|ARM.Build.0 = Release|Any CPU
		{30E44938-F1BD-458A-AAD1-C72C3302BD83}.AppStore|iPhone.ActiveCfg = Release|Any CPU
		{30E44938-F1BD-458A-AAD1-C72C3302BD83}.AppStore|iPhone.Build.0 = Release|Any CPU
		{30E44938-F1BD-458A-AAD1-C72C3302BD83}.AppStore|iPhoneSimulator.ActiveCfg = Release|Any CPU
		{30E44938-F1BD-458A-AAD1-C72C3302BD83}.AppStore|iPhoneSimulator.Build.0 = Release|Any CPU
		{30E44938-F1BD-458A-AAD1-C72C3302BD83}.AppStore|x64.ActiveCfg = Release|Any CPU
		{30E44938-F1BD-458A-AAD1-C72C3302BD83}.AppStore|x64.Build.0 = Release|Any CPU
		{30E44938-F1BD-458A-AAD1-C72C3302BD83}.AppStore|x86.ActiveCfg = Release|Any CPU
		{30E44938-F1BD-458A-AAD1-C72C3302BD83}.AppStore|x86.Build.0 = Release|Any CPU
		{30E44938-F1BD-458A-AAD1-C72C3302BD83}.Debug|Any CPU.ActiveCfg = Debug|Any CPU
		{30E44938-F1BD-458A-AAD1-C72C3302BD83}.Debug|Any CPU.Build.0 = Debug|Any CPU
		{30E44938-F1BD-458A-AAD1-C72C3302BD83}.Debug|ARM.ActiveCfg = Debug|Any CPU
		{30E44938-F1BD-458A-AAD1-C72C3302BD83}.Debug|ARM.Build.0 = Debug|Any CPU
		{30E44938-F1BD-458A-AAD1-C72C3302BD83}.Debug|iPhone.ActiveCfg = Debug|Any CPU
		{30E44938-F1BD-458A-AAD1-C72C3302BD83}.Debug|iPhone.Build.0 = Debug|Any CPU
		{30E44938-F1BD-458A-AAD1-C72C3302BD83}.Debug|iPhoneSimulator.ActiveCfg = Debug|Any CPU
		{30E44938-F1BD-458A-AAD1-C72C3302BD83}.Debug|iPhoneSimulator.Build.0 = Debug|Any CPU
		{30E44938-F1BD-458A-AAD1-C72C3302BD83}.Debug|x64.ActiveCfg = Debug|Any CPU
		{30E44938-F1BD-458A-AAD1-C72C3302BD83}.Debug|x64.Build.0 = Debug|Any CPU
		{30E44938-F1BD-458A-AAD1-C72C3302BD83}.Debug|x86.ActiveCfg = Debug|Any CPU
		{30E44938-F1BD-458A-AAD1-C72C3302BD83}.Debug|x86.Build.0 = Debug|Any CPU
		{30E44938-F1BD-458A-AAD1-C72C3302BD83}.Release|Any CPU.ActiveCfg = Release|Any CPU
		{30E44938-F1BD-458A-AAD1-C72C3302BD83}.Release|Any CPU.Build.0 = Release|Any CPU
		{30E44938-F1BD-458A-AAD1-C72C3302BD83}.Release|ARM.ActiveCfg = Release|Any CPU
		{30E44938-F1BD-458A-AAD1-C72C3302BD83}.Release|ARM.Build.0 = Release|Any CPU
		{30E44938-F1BD-458A-AAD1-C72C3302BD83}.Release|iPhone.ActiveCfg = Release|Any CPU
		{30E44938-F1BD-458A-AAD1-C72C3302BD83}.Release|iPhone.Build.0 = Release|Any CPU
		{30E44938-F1BD-458A-AAD1-C72C3302BD83}.Release|iPhoneSimulator.ActiveCfg = Release|Any CPU
		{30E44938-F1BD-458A-AAD1-C72C3302BD83}.Release|iPhoneSimulator.Build.0 = Release|Any CPU
		{30E44938-F1BD-458A-AAD1-C72C3302BD83}.Release|x64.ActiveCfg = Release|Any CPU
		{30E44938-F1BD-458A-AAD1-C72C3302BD83}.Release|x64.Build.0 = Release|Any CPU
		{30E44938-F1BD-458A-AAD1-C72C3302BD83}.Release|x86.ActiveCfg = Release|Any CPU
		{30E44938-F1BD-458A-AAD1-C72C3302BD83}.Release|x86.Build.0 = Release|Any CPU
		{1EA2D36E-911F-458A-9D82-68FD0135CB19}.Ad-Hoc|Any CPU.ActiveCfg = Release|Any CPU
		{1EA2D36E-911F-458A-9D82-68FD0135CB19}.Ad-Hoc|Any CPU.Build.0 = Release|Any CPU
		{1EA2D36E-911F-458A-9D82-68FD0135CB19}.Ad-Hoc|ARM.ActiveCfg = Release|Any CPU
		{1EA2D36E-911F-458A-9D82-68FD0135CB19}.Ad-Hoc|ARM.Build.0 = Release|Any CPU
		{1EA2D36E-911F-458A-9D82-68FD0135CB19}.Ad-Hoc|iPhone.ActiveCfg = Release|Any CPU
		{1EA2D36E-911F-458A-9D82-68FD0135CB19}.Ad-Hoc|iPhone.Build.0 = Release|Any CPU
		{1EA2D36E-911F-458A-9D82-68FD0135CB19}.Ad-Hoc|iPhoneSimulator.ActiveCfg = Release|Any CPU
		{1EA2D36E-911F-458A-9D82-68FD0135CB19}.Ad-Hoc|iPhoneSimulator.Build.0 = Release|Any CPU
		{1EA2D36E-911F-458A-9D82-68FD0135CB19}.Ad-Hoc|x64.ActiveCfg = Release|Any CPU
		{1EA2D36E-911F-458A-9D82-68FD0135CB19}.Ad-Hoc|x64.Build.0 = Release|Any CPU
		{1EA2D36E-911F-458A-9D82-68FD0135CB19}.Ad-Hoc|x86.ActiveCfg = Release|Any CPU
		{1EA2D36E-911F-458A-9D82-68FD0135CB19}.Ad-Hoc|x86.Build.0 = Release|Any CPU
		{1EA2D36E-911F-458A-9D82-68FD0135CB19}.AppStore|Any CPU.ActiveCfg = Release|Any CPU
		{1EA2D36E-911F-458A-9D82-68FD0135CB19}.AppStore|Any CPU.Build.0 = Release|Any CPU
		{1EA2D36E-911F-458A-9D82-68FD0135CB19}.AppStore|ARM.ActiveCfg = Release|Any CPU
		{1EA2D36E-911F-458A-9D82-68FD0135CB19}.AppStore|ARM.Build.0 = Release|Any CPU
		{1EA2D36E-911F-458A-9D82-68FD0135CB19}.AppStore|iPhone.ActiveCfg = Release|Any CPU
		{1EA2D36E-911F-458A-9D82-68FD0135CB19}.AppStore|iPhone.Build.0 = Release|Any CPU
		{1EA2D36E-911F-458A-9D82-68FD0135CB19}.AppStore|iPhoneSimulator.ActiveCfg = Release|Any CPU
		{1EA2D36E-911F-458A-9D82-68FD0135CB19}.AppStore|iPhoneSimulator.Build.0 = Release|Any CPU
		{1EA2D36E-911F-458A-9D82-68FD0135CB19}.AppStore|x64.ActiveCfg = Release|Any CPU
		{1EA2D36E-911F-458A-9D82-68FD0135CB19}.AppStore|x64.Build.0 = Release|Any CPU
		{1EA2D36E-911F-458A-9D82-68FD0135CB19}.AppStore|x86.ActiveCfg = Release|Any CPU
		{1EA2D36E-911F-458A-9D82-68FD0135CB19}.AppStore|x86.Build.0 = Release|Any CPU
		{1EA2D36E-911F-458A-9D82-68FD0135CB19}.Debug|Any CPU.ActiveCfg = Debug|Any CPU
		{1EA2D36E-911F-458A-9D82-68FD0135CB19}.Debug|Any CPU.Build.0 = Debug|Any CPU
		{1EA2D36E-911F-458A-9D82-68FD0135CB19}.Debug|ARM.ActiveCfg = Debug|Any CPU
		{1EA2D36E-911F-458A-9D82-68FD0135CB19}.Debug|ARM.Build.0 = Debug|Any CPU
		{1EA2D36E-911F-458A-9D82-68FD0135CB19}.Debug|iPhone.ActiveCfg = Debug|Any CPU
		{1EA2D36E-911F-458A-9D82-68FD0135CB19}.Debug|iPhone.Build.0 = Debug|Any CPU
		{1EA2D36E-911F-458A-9D82-68FD0135CB19}.Debug|iPhoneSimulator.ActiveCfg = Debug|Any CPU
		{1EA2D36E-911F-458A-9D82-68FD0135CB19}.Debug|iPhoneSimulator.Build.0 = Debug|Any CPU
		{1EA2D36E-911F-458A-9D82-68FD0135CB19}.Debug|x64.ActiveCfg = Debug|Any CPU
		{1EA2D36E-911F-458A-9D82-68FD0135CB19}.Debug|x64.Build.0 = Debug|Any CPU
		{1EA2D36E-911F-458A-9D82-68FD0135CB19}.Debug|x86.ActiveCfg = Debug|Any CPU
		{1EA2D36E-911F-458A-9D82-68FD0135CB19}.Debug|x86.Build.0 = Debug|Any CPU
		{1EA2D36E-911F-458A-9D82-68FD0135CB19}.Release|Any CPU.ActiveCfg = Release|Any CPU
		{1EA2D36E-911F-458A-9D82-68FD0135CB19}.Release|Any CPU.Build.0 = Release|Any CPU
		{1EA2D36E-911F-458A-9D82-68FD0135CB19}.Release|ARM.ActiveCfg = Release|Any CPU
		{1EA2D36E-911F-458A-9D82-68FD0135CB19}.Release|ARM.Build.0 = Release|Any CPU
		{1EA2D36E-911F-458A-9D82-68FD0135CB19}.Release|iPhone.ActiveCfg = Release|Any CPU
		{1EA2D36E-911F-458A-9D82-68FD0135CB19}.Release|iPhone.Build.0 = Release|Any CPU
		{1EA2D36E-911F-458A-9D82-68FD0135CB19}.Release|iPhoneSimulator.ActiveCfg = Release|Any CPU
		{1EA2D36E-911F-458A-9D82-68FD0135CB19}.Release|iPhoneSimulator.Build.0 = Release|Any CPU
		{1EA2D36E-911F-458A-9D82-68FD0135CB19}.Release|x64.ActiveCfg = Release|Any CPU
		{1EA2D36E-911F-458A-9D82-68FD0135CB19}.Release|x64.Build.0 = Release|Any CPU
		{1EA2D36E-911F-458A-9D82-68FD0135CB19}.Release|x86.ActiveCfg = Release|Any CPU
		{1EA2D36E-911F-458A-9D82-68FD0135CB19}.Release|x86.Build.0 = Release|Any CPU
		{9D1A03BD-E443-41D5-89D6-9B28E3AA8F9B}.Ad-Hoc|Any CPU.ActiveCfg = Debug|Any CPU
		{9D1A03BD-E443-41D5-89D6-9B28E3AA8F9B}.Ad-Hoc|Any CPU.Build.0 = Debug|Any CPU
		{9D1A03BD-E443-41D5-89D6-9B28E3AA8F9B}.Ad-Hoc|ARM.ActiveCfg = Debug|Any CPU
		{9D1A03BD-E443-41D5-89D6-9B28E3AA8F9B}.Ad-Hoc|ARM.Build.0 = Debug|Any CPU
		{9D1A03BD-E443-41D5-89D6-9B28E3AA8F9B}.Ad-Hoc|iPhone.ActiveCfg = Debug|Any CPU
		{9D1A03BD-E443-41D5-89D6-9B28E3AA8F9B}.Ad-Hoc|iPhone.Build.0 = Debug|Any CPU
		{9D1A03BD-E443-41D5-89D6-9B28E3AA8F9B}.Ad-Hoc|iPhoneSimulator.ActiveCfg = Debug|Any CPU
		{9D1A03BD-E443-41D5-89D6-9B28E3AA8F9B}.Ad-Hoc|iPhoneSimulator.Build.0 = Debug|Any CPU
		{9D1A03BD-E443-41D5-89D6-9B28E3AA8F9B}.Ad-Hoc|x64.ActiveCfg = Debug|Any CPU
		{9D1A03BD-E443-41D5-89D6-9B28E3AA8F9B}.Ad-Hoc|x64.Build.0 = Debug|Any CPU
		{9D1A03BD-E443-41D5-89D6-9B28E3AA8F9B}.Ad-Hoc|x86.ActiveCfg = Debug|Any CPU
		{9D1A03BD-E443-41D5-89D6-9B28E3AA8F9B}.Ad-Hoc|x86.Build.0 = Debug|Any CPU
		{9D1A03BD-E443-41D5-89D6-9B28E3AA8F9B}.AppStore|Any CPU.ActiveCfg = Debug|Any CPU
		{9D1A03BD-E443-41D5-89D6-9B28E3AA8F9B}.AppStore|Any CPU.Build.0 = Debug|Any CPU
		{9D1A03BD-E443-41D5-89D6-9B28E3AA8F9B}.AppStore|ARM.ActiveCfg = Debug|Any CPU
		{9D1A03BD-E443-41D5-89D6-9B28E3AA8F9B}.AppStore|ARM.Build.0 = Debug|Any CPU
		{9D1A03BD-E443-41D5-89D6-9B28E3AA8F9B}.AppStore|iPhone.ActiveCfg = Debug|Any CPU
		{9D1A03BD-E443-41D5-89D6-9B28E3AA8F9B}.AppStore|iPhone.Build.0 = Debug|Any CPU
		{9D1A03BD-E443-41D5-89D6-9B28E3AA8F9B}.AppStore|iPhoneSimulator.ActiveCfg = Debug|Any CPU
		{9D1A03BD-E443-41D5-89D6-9B28E3AA8F9B}.AppStore|iPhoneSimulator.Build.0 = Debug|Any CPU
		{9D1A03BD-E443-41D5-89D6-9B28E3AA8F9B}.AppStore|x64.ActiveCfg = Debug|Any CPU
		{9D1A03BD-E443-41D5-89D6-9B28E3AA8F9B}.AppStore|x64.Build.0 = Debug|Any CPU
		{9D1A03BD-E443-41D5-89D6-9B28E3AA8F9B}.AppStore|x86.ActiveCfg = Debug|Any CPU
		{9D1A03BD-E443-41D5-89D6-9B28E3AA8F9B}.AppStore|x86.Build.0 = Debug|Any CPU
		{9D1A03BD-E443-41D5-89D6-9B28E3AA8F9B}.Debug|Any CPU.ActiveCfg = Debug|Any CPU
		{9D1A03BD-E443-41D5-89D6-9B28E3AA8F9B}.Debug|Any CPU.Build.0 = Debug|Any CPU
		{9D1A03BD-E443-41D5-89D6-9B28E3AA8F9B}.Debug|ARM.ActiveCfg = Debug|Any CPU
		{9D1A03BD-E443-41D5-89D6-9B28E3AA8F9B}.Debug|ARM.Build.0 = Debug|Any CPU
		{9D1A03BD-E443-41D5-89D6-9B28E3AA8F9B}.Debug|iPhone.ActiveCfg = Debug|Any CPU
		{9D1A03BD-E443-41D5-89D6-9B28E3AA8F9B}.Debug|iPhone.Build.0 = Debug|Any CPU
		{9D1A03BD-E443-41D5-89D6-9B28E3AA8F9B}.Debug|iPhoneSimulator.ActiveCfg = Debug|Any CPU
		{9D1A03BD-E443-41D5-89D6-9B28E3AA8F9B}.Debug|iPhoneSimulator.Build.0 = Debug|Any CPU
		{9D1A03BD-E443-41D5-89D6-9B28E3AA8F9B}.Debug|x64.ActiveCfg = Debug|Any CPU
		{9D1A03BD-E443-41D5-89D6-9B28E3AA8F9B}.Debug|x64.Build.0 = Debug|Any CPU
		{9D1A03BD-E443-41D5-89D6-9B28E3AA8F9B}.Debug|x86.ActiveCfg = Debug|Any CPU
		{9D1A03BD-E443-41D5-89D6-9B28E3AA8F9B}.Debug|x86.Build.0 = Debug|Any CPU
		{9D1A03BD-E443-41D5-89D6-9B28E3AA8F9B}.Release|Any CPU.ActiveCfg = Release|Any CPU
		{9D1A03BD-E443-41D5-89D6-9B28E3AA8F9B}.Release|Any CPU.Build.0 = Release|Any CPU
		{9D1A03BD-E443-41D5-89D6-9B28E3AA8F9B}.Release|ARM.ActiveCfg = Release|Any CPU
		{9D1A03BD-E443-41D5-89D6-9B28E3AA8F9B}.Release|ARM.Build.0 = Release|Any CPU
		{9D1A03BD-E443-41D5-89D6-9B28E3AA8F9B}.Release|iPhone.ActiveCfg = Release|Any CPU
		{9D1A03BD-E443-41D5-89D6-9B28E3AA8F9B}.Release|iPhone.Build.0 = Release|Any CPU
		{9D1A03BD-E443-41D5-89D6-9B28E3AA8F9B}.Release|iPhoneSimulator.ActiveCfg = Release|Any CPU
		{9D1A03BD-E443-41D5-89D6-9B28E3AA8F9B}.Release|iPhoneSimulator.Build.0 = Release|Any CPU
		{9D1A03BD-E443-41D5-89D6-9B28E3AA8F9B}.Release|x64.ActiveCfg = Release|Any CPU
		{9D1A03BD-E443-41D5-89D6-9B28E3AA8F9B}.Release|x64.Build.0 = Release|Any CPU
		{9D1A03BD-E443-41D5-89D6-9B28E3AA8F9B}.Release|x86.ActiveCfg = Release|Any CPU
		{9D1A03BD-E443-41D5-89D6-9B28E3AA8F9B}.Release|x86.Build.0 = Release|Any CPU
		{E177AFC0-40BC-42F9-883B-2C39E266487C}.Ad-Hoc|Any CPU.ActiveCfg = Release|Any CPU
		{E177AFC0-40BC-42F9-883B-2C39E266487C}.Ad-Hoc|Any CPU.Build.0 = Release|Any CPU
		{E177AFC0-40BC-42F9-883B-2C39E266487C}.Ad-Hoc|Any CPU.Deploy.0 = Release|Any CPU
		{E177AFC0-40BC-42F9-883B-2C39E266487C}.Ad-Hoc|ARM.ActiveCfg = Release|Any CPU
		{E177AFC0-40BC-42F9-883B-2C39E266487C}.Ad-Hoc|ARM.Build.0 = Release|Any CPU
		{E177AFC0-40BC-42F9-883B-2C39E266487C}.Ad-Hoc|ARM.Deploy.0 = Release|Any CPU
		{E177AFC0-40BC-42F9-883B-2C39E266487C}.Ad-Hoc|iPhone.ActiveCfg = Release|Any CPU
		{E177AFC0-40BC-42F9-883B-2C39E266487C}.Ad-Hoc|iPhone.Build.0 = Release|Any CPU
		{E177AFC0-40BC-42F9-883B-2C39E266487C}.Ad-Hoc|iPhone.Deploy.0 = Release|Any CPU
		{E177AFC0-40BC-42F9-883B-2C39E266487C}.Ad-Hoc|iPhoneSimulator.ActiveCfg = Release|Any CPU
		{E177AFC0-40BC-42F9-883B-2C39E266487C}.Ad-Hoc|iPhoneSimulator.Build.0 = Release|Any CPU
		{E177AFC0-40BC-42F9-883B-2C39E266487C}.Ad-Hoc|iPhoneSimulator.Deploy.0 = Release|Any CPU
		{E177AFC0-40BC-42F9-883B-2C39E266487C}.Ad-Hoc|x64.ActiveCfg = Release|Any CPU
		{E177AFC0-40BC-42F9-883B-2C39E266487C}.Ad-Hoc|x64.Build.0 = Release|Any CPU
		{E177AFC0-40BC-42F9-883B-2C39E266487C}.Ad-Hoc|x64.Deploy.0 = Release|Any CPU
		{E177AFC0-40BC-42F9-883B-2C39E266487C}.Ad-Hoc|x86.ActiveCfg = Release|Any CPU
		{E177AFC0-40BC-42F9-883B-2C39E266487C}.Ad-Hoc|x86.Build.0 = Release|Any CPU
		{E177AFC0-40BC-42F9-883B-2C39E266487C}.Ad-Hoc|x86.Deploy.0 = Release|Any CPU
		{E177AFC0-40BC-42F9-883B-2C39E266487C}.AppStore|Any CPU.ActiveCfg = Release|Any CPU
		{E177AFC0-40BC-42F9-883B-2C39E266487C}.AppStore|Any CPU.Build.0 = Release|Any CPU
		{E177AFC0-40BC-42F9-883B-2C39E266487C}.AppStore|Any CPU.Deploy.0 = Release|Any CPU
		{E177AFC0-40BC-42F9-883B-2C39E266487C}.AppStore|ARM.ActiveCfg = Release|Any CPU
		{E177AFC0-40BC-42F9-883B-2C39E266487C}.AppStore|ARM.Build.0 = Release|Any CPU
		{E177AFC0-40BC-42F9-883B-2C39E266487C}.AppStore|ARM.Deploy.0 = Release|Any CPU
		{E177AFC0-40BC-42F9-883B-2C39E266487C}.AppStore|iPhone.ActiveCfg = Release|Any CPU
		{E177AFC0-40BC-42F9-883B-2C39E266487C}.AppStore|iPhone.Build.0 = Release|Any CPU
		{E177AFC0-40BC-42F9-883B-2C39E266487C}.AppStore|iPhone.Deploy.0 = Release|Any CPU
		{E177AFC0-40BC-42F9-883B-2C39E266487C}.AppStore|iPhoneSimulator.ActiveCfg = Release|Any CPU
		{E177AFC0-40BC-42F9-883B-2C39E266487C}.AppStore|iPhoneSimulator.Build.0 = Release|Any CPU
		{E177AFC0-40BC-42F9-883B-2C39E266487C}.AppStore|iPhoneSimulator.Deploy.0 = Release|Any CPU
		{E177AFC0-40BC-42F9-883B-2C39E266487C}.AppStore|x64.ActiveCfg = Release|Any CPU
		{E177AFC0-40BC-42F9-883B-2C39E266487C}.AppStore|x64.Build.0 = Release|Any CPU
		{E177AFC0-40BC-42F9-883B-2C39E266487C}.AppStore|x64.Deploy.0 = Release|Any CPU
		{E177AFC0-40BC-42F9-883B-2C39E266487C}.AppStore|x86.ActiveCfg = Release|Any CPU
		{E177AFC0-40BC-42F9-883B-2C39E266487C}.AppStore|x86.Build.0 = Release|Any CPU
		{E177AFC0-40BC-42F9-883B-2C39E266487C}.AppStore|x86.Deploy.0 = Release|Any CPU
		{E177AFC0-40BC-42F9-883B-2C39E266487C}.Debug|Any CPU.ActiveCfg = Debug|Any CPU
		{E177AFC0-40BC-42F9-883B-2C39E266487C}.Debug|Any CPU.Build.0 = Debug|Any CPU
		{E177AFC0-40BC-42F9-883B-2C39E266487C}.Debug|Any CPU.Deploy.0 = Debug|Any CPU
		{E177AFC0-40BC-42F9-883B-2C39E266487C}.Debug|ARM.ActiveCfg = Debug|Any CPU
		{E177AFC0-40BC-42F9-883B-2C39E266487C}.Debug|ARM.Build.0 = Debug|Any CPU
		{E177AFC0-40BC-42F9-883B-2C39E266487C}.Debug|ARM.Deploy.0 = Debug|Any CPU
		{E177AFC0-40BC-42F9-883B-2C39E266487C}.Debug|iPhone.ActiveCfg = Debug|Any CPU
		{E177AFC0-40BC-42F9-883B-2C39E266487C}.Debug|iPhone.Build.0 = Debug|Any CPU
		{E177AFC0-40BC-42F9-883B-2C39E266487C}.Debug|iPhone.Deploy.0 = Debug|Any CPU
		{E177AFC0-40BC-42F9-883B-2C39E266487C}.Debug|iPhoneSimulator.ActiveCfg = Debug|Any CPU
		{E177AFC0-40BC-42F9-883B-2C39E266487C}.Debug|iPhoneSimulator.Build.0 = Debug|Any CPU
		{E177AFC0-40BC-42F9-883B-2C39E266487C}.Debug|iPhoneSimulator.Deploy.0 = Debug|Any CPU
		{E177AFC0-40BC-42F9-883B-2C39E266487C}.Debug|x64.ActiveCfg = Debug|Any CPU
		{E177AFC0-40BC-42F9-883B-2C39E266487C}.Debug|x64.Build.0 = Debug|Any CPU
		{E177AFC0-40BC-42F9-883B-2C39E266487C}.Debug|x64.Deploy.0 = Debug|Any CPU
		{E177AFC0-40BC-42F9-883B-2C39E266487C}.Debug|x86.ActiveCfg = Debug|Any CPU
		{E177AFC0-40BC-42F9-883B-2C39E266487C}.Debug|x86.Build.0 = Debug|Any CPU
		{E177AFC0-40BC-42F9-883B-2C39E266487C}.Debug|x86.Deploy.0 = Debug|Any CPU
		{E177AFC0-40BC-42F9-883B-2C39E266487C}.Release|Any CPU.ActiveCfg = Release|Any CPU
		{E177AFC0-40BC-42F9-883B-2C39E266487C}.Release|Any CPU.Build.0 = Release|Any CPU
		{E177AFC0-40BC-42F9-883B-2C39E266487C}.Release|Any CPU.Deploy.0 = Release|Any CPU
		{E177AFC0-40BC-42F9-883B-2C39E266487C}.Release|ARM.ActiveCfg = Release|Any CPU
		{E177AFC0-40BC-42F9-883B-2C39E266487C}.Release|ARM.Build.0 = Release|Any CPU
		{E177AFC0-40BC-42F9-883B-2C39E266487C}.Release|ARM.Deploy.0 = Release|Any CPU
		{E177AFC0-40BC-42F9-883B-2C39E266487C}.Release|iPhone.ActiveCfg = Release|Any CPU
		{E177AFC0-40BC-42F9-883B-2C39E266487C}.Release|iPhone.Build.0 = Release|Any CPU
		{E177AFC0-40BC-42F9-883B-2C39E266487C}.Release|iPhone.Deploy.0 = Release|Any CPU
		{E177AFC0-40BC-42F9-883B-2C39E266487C}.Release|iPhoneSimulator.ActiveCfg = Release|Any CPU
		{E177AFC0-40BC-42F9-883B-2C39E266487C}.Release|iPhoneSimulator.Build.0 = Release|Any CPU
		{E177AFC0-40BC-42F9-883B-2C39E266487C}.Release|iPhoneSimulator.Deploy.0 = Release|Any CPU
		{E177AFC0-40BC-42F9-883B-2C39E266487C}.Release|x64.ActiveCfg = Release|Any CPU
		{E177AFC0-40BC-42F9-883B-2C39E266487C}.Release|x64.Build.0 = Release|Any CPU
		{E177AFC0-40BC-42F9-883B-2C39E266487C}.Release|x64.Deploy.0 = Release|Any CPU
		{E177AFC0-40BC-42F9-883B-2C39E266487C}.Release|x86.ActiveCfg = Release|Any CPU
		{E177AFC0-40BC-42F9-883B-2C39E266487C}.Release|x86.Build.0 = Release|Any CPU
		{E177AFC0-40BC-42F9-883B-2C39E266487C}.Release|x86.Deploy.0 = Release|Any CPU
		{FED1E95A-3C7E-476A-8BF0-66F595E652E1}.Ad-Hoc|Any CPU.ActiveCfg = Ad-Hoc|iPhone
		{FED1E95A-3C7E-476A-8BF0-66F595E652E1}.Ad-Hoc|ARM.ActiveCfg = Ad-Hoc|iPhone
		{FED1E95A-3C7E-476A-8BF0-66F595E652E1}.Ad-Hoc|iPhone.ActiveCfg = Ad-Hoc|iPhone
		{FED1E95A-3C7E-476A-8BF0-66F595E652E1}.Ad-Hoc|iPhone.Build.0 = Ad-Hoc|iPhone
		{FED1E95A-3C7E-476A-8BF0-66F595E652E1}.Ad-Hoc|iPhoneSimulator.ActiveCfg = Ad-Hoc|iPhoneSimulator
		{FED1E95A-3C7E-476A-8BF0-66F595E652E1}.Ad-Hoc|iPhoneSimulator.Build.0 = Ad-Hoc|iPhoneSimulator
		{FED1E95A-3C7E-476A-8BF0-66F595E652E1}.Ad-Hoc|x64.ActiveCfg = Ad-Hoc|iPhone
		{FED1E95A-3C7E-476A-8BF0-66F595E652E1}.Ad-Hoc|x86.ActiveCfg = Ad-Hoc|iPhone
		{FED1E95A-3C7E-476A-8BF0-66F595E652E1}.AppStore|Any CPU.ActiveCfg = AppStore|iPhone
		{FED1E95A-3C7E-476A-8BF0-66F595E652E1}.AppStore|ARM.ActiveCfg = AppStore|iPhone
		{FED1E95A-3C7E-476A-8BF0-66F595E652E1}.AppStore|iPhone.ActiveCfg = AppStore|iPhone
		{FED1E95A-3C7E-476A-8BF0-66F595E652E1}.AppStore|iPhone.Build.0 = AppStore|iPhone
		{FED1E95A-3C7E-476A-8BF0-66F595E652E1}.AppStore|iPhoneSimulator.ActiveCfg = AppStore|iPhoneSimulator
		{FED1E95A-3C7E-476A-8BF0-66F595E652E1}.AppStore|iPhoneSimulator.Build.0 = AppStore|iPhoneSimulator
		{FED1E95A-3C7E-476A-8BF0-66F595E652E1}.AppStore|x64.ActiveCfg = AppStore|iPhone
		{FED1E95A-3C7E-476A-8BF0-66F595E652E1}.AppStore|x86.ActiveCfg = AppStore|iPhone
		{FED1E95A-3C7E-476A-8BF0-66F595E652E1}.Debug|Any CPU.ActiveCfg = Debug|iPhone
		{FED1E95A-3C7E-476A-8BF0-66F595E652E1}.Debug|ARM.ActiveCfg = Debug|iPhone
		{FED1E95A-3C7E-476A-8BF0-66F595E652E1}.Debug|iPhone.ActiveCfg = Debug|iPhone
		{FED1E95A-3C7E-476A-8BF0-66F595E652E1}.Debug|iPhone.Build.0 = Debug|iPhone
		{FED1E95A-3C7E-476A-8BF0-66F595E652E1}.Debug|iPhoneSimulator.ActiveCfg = Debug|iPhoneSimulator
		{FED1E95A-3C7E-476A-8BF0-66F595E652E1}.Debug|iPhoneSimulator.Build.0 = Debug|iPhoneSimulator
		{FED1E95A-3C7E-476A-8BF0-66F595E652E1}.Debug|x64.ActiveCfg = Debug|iPhone
		{FED1E95A-3C7E-476A-8BF0-66F595E652E1}.Debug|x86.ActiveCfg = Debug|iPhone
		{FED1E95A-3C7E-476A-8BF0-66F595E652E1}.Release|Any CPU.ActiveCfg = Release|iPhone
		{FED1E95A-3C7E-476A-8BF0-66F595E652E1}.Release|ARM.ActiveCfg = Release|iPhone
		{FED1E95A-3C7E-476A-8BF0-66F595E652E1}.Release|iPhone.ActiveCfg = Release|iPhone
		{FED1E95A-3C7E-476A-8BF0-66F595E652E1}.Release|iPhone.Build.0 = Release|iPhone
		{FED1E95A-3C7E-476A-8BF0-66F595E652E1}.Release|iPhoneSimulator.ActiveCfg = Release|iPhoneSimulator
		{FED1E95A-3C7E-476A-8BF0-66F595E652E1}.Release|iPhoneSimulator.Build.0 = Release|iPhoneSimulator
		{FED1E95A-3C7E-476A-8BF0-66F595E652E1}.Release|x64.ActiveCfg = Release|iPhone
		{FED1E95A-3C7E-476A-8BF0-66F595E652E1}.Release|x86.ActiveCfg = Release|iPhone
		{02A8CD48-4814-42C1-9C32-C8D199B577E4}.Ad-Hoc|Any CPU.ActiveCfg = Release|x86
		{02A8CD48-4814-42C1-9C32-C8D199B577E4}.Ad-Hoc|Any CPU.Build.0 = Release|x86
		{02A8CD48-4814-42C1-9C32-C8D199B577E4}.Ad-Hoc|Any CPU.Deploy.0 = Release|x86
		{02A8CD48-4814-42C1-9C32-C8D199B577E4}.Ad-Hoc|ARM.ActiveCfg = Release|ARM
		{02A8CD48-4814-42C1-9C32-C8D199B577E4}.Ad-Hoc|ARM.Build.0 = Release|ARM
		{02A8CD48-4814-42C1-9C32-C8D199B577E4}.Ad-Hoc|ARM.Deploy.0 = Release|ARM
		{02A8CD48-4814-42C1-9C32-C8D199B577E4}.Ad-Hoc|iPhone.ActiveCfg = Release|x86
		{02A8CD48-4814-42C1-9C32-C8D199B577E4}.Ad-Hoc|iPhone.Build.0 = Release|x86
		{02A8CD48-4814-42C1-9C32-C8D199B577E4}.Ad-Hoc|iPhone.Deploy.0 = Release|x86
		{02A8CD48-4814-42C1-9C32-C8D199B577E4}.Ad-Hoc|iPhoneSimulator.ActiveCfg = Release|x86
		{02A8CD48-4814-42C1-9C32-C8D199B577E4}.Ad-Hoc|iPhoneSimulator.Build.0 = Release|x86
		{02A8CD48-4814-42C1-9C32-C8D199B577E4}.Ad-Hoc|iPhoneSimulator.Deploy.0 = Release|x86
		{02A8CD48-4814-42C1-9C32-C8D199B577E4}.Ad-Hoc|x64.ActiveCfg = Release|x64
		{02A8CD48-4814-42C1-9C32-C8D199B577E4}.Ad-Hoc|x64.Build.0 = Release|x64
		{02A8CD48-4814-42C1-9C32-C8D199B577E4}.Ad-Hoc|x64.Deploy.0 = Release|x64
		{02A8CD48-4814-42C1-9C32-C8D199B577E4}.Ad-Hoc|x86.ActiveCfg = Release|x86
		{02A8CD48-4814-42C1-9C32-C8D199B577E4}.Ad-Hoc|x86.Build.0 = Release|x86
		{02A8CD48-4814-42C1-9C32-C8D199B577E4}.Ad-Hoc|x86.Deploy.0 = Release|x86
		{02A8CD48-4814-42C1-9C32-C8D199B577E4}.AppStore|Any CPU.ActiveCfg = Release|x86
		{02A8CD48-4814-42C1-9C32-C8D199B577E4}.AppStore|Any CPU.Build.0 = Release|x86
		{02A8CD48-4814-42C1-9C32-C8D199B577E4}.AppStore|Any CPU.Deploy.0 = Release|x86
		{02A8CD48-4814-42C1-9C32-C8D199B577E4}.AppStore|ARM.ActiveCfg = Release|ARM
		{02A8CD48-4814-42C1-9C32-C8D199B577E4}.AppStore|ARM.Build.0 = Release|ARM
		{02A8CD48-4814-42C1-9C32-C8D199B577E4}.AppStore|ARM.Deploy.0 = Release|ARM
		{02A8CD48-4814-42C1-9C32-C8D199B577E4}.AppStore|iPhone.ActiveCfg = Release|x86
		{02A8CD48-4814-42C1-9C32-C8D199B577E4}.AppStore|iPhone.Build.0 = Release|x86
		{02A8CD48-4814-42C1-9C32-C8D199B577E4}.AppStore|iPhone.Deploy.0 = Release|x86
		{02A8CD48-4814-42C1-9C32-C8D199B577E4}.AppStore|iPhoneSimulator.ActiveCfg = Release|x86
		{02A8CD48-4814-42C1-9C32-C8D199B577E4}.AppStore|iPhoneSimulator.Build.0 = Release|x86
		{02A8CD48-4814-42C1-9C32-C8D199B577E4}.AppStore|iPhoneSimulator.Deploy.0 = Release|x86
		{02A8CD48-4814-42C1-9C32-C8D199B577E4}.AppStore|x64.ActiveCfg = Release|x64
		{02A8CD48-4814-42C1-9C32-C8D199B577E4}.AppStore|x64.Build.0 = Release|x64
		{02A8CD48-4814-42C1-9C32-C8D199B577E4}.AppStore|x64.Deploy.0 = Release|x64
		{02A8CD48-4814-42C1-9C32-C8D199B577E4}.AppStore|x86.ActiveCfg = Release|x86
		{02A8CD48-4814-42C1-9C32-C8D199B577E4}.AppStore|x86.Build.0 = Release|x86
		{02A8CD48-4814-42C1-9C32-C8D199B577E4}.AppStore|x86.Deploy.0 = Release|x86
		{02A8CD48-4814-42C1-9C32-C8D199B577E4}.Debug|Any CPU.ActiveCfg = Debug|x86
		{02A8CD48-4814-42C1-9C32-C8D199B577E4}.Debug|ARM.ActiveCfg = Debug|ARM
		{02A8CD48-4814-42C1-9C32-C8D199B577E4}.Debug|ARM.Build.0 = Debug|ARM
		{02A8CD48-4814-42C1-9C32-C8D199B577E4}.Debug|ARM.Deploy.0 = Debug|ARM
		{02A8CD48-4814-42C1-9C32-C8D199B577E4}.Debug|iPhone.ActiveCfg = Debug|x86
		{02A8CD48-4814-42C1-9C32-C8D199B577E4}.Debug|iPhoneSimulator.ActiveCfg = Debug|x86
		{02A8CD48-4814-42C1-9C32-C8D199B577E4}.Debug|x64.ActiveCfg = Debug|x64
		{02A8CD48-4814-42C1-9C32-C8D199B577E4}.Debug|x64.Build.0 = Debug|x64
		{02A8CD48-4814-42C1-9C32-C8D199B577E4}.Debug|x64.Deploy.0 = Debug|x64
		{02A8CD48-4814-42C1-9C32-C8D199B577E4}.Debug|x86.ActiveCfg = Debug|x86
		{02A8CD48-4814-42C1-9C32-C8D199B577E4}.Debug|x86.Build.0 = Debug|x86
		{02A8CD48-4814-42C1-9C32-C8D199B577E4}.Debug|x86.Deploy.0 = Debug|x86
		{02A8CD48-4814-42C1-9C32-C8D199B577E4}.Release|Any CPU.ActiveCfg = Release|x86
		{02A8CD48-4814-42C1-9C32-C8D199B577E4}.Release|ARM.ActiveCfg = Release|ARM
		{02A8CD48-4814-42C1-9C32-C8D199B577E4}.Release|ARM.Build.0 = Release|ARM
		{02A8CD48-4814-42C1-9C32-C8D199B577E4}.Release|ARM.Deploy.0 = Release|ARM
		{02A8CD48-4814-42C1-9C32-C8D199B577E4}.Release|iPhone.ActiveCfg = Release|x86
		{02A8CD48-4814-42C1-9C32-C8D199B577E4}.Release|iPhoneSimulator.ActiveCfg = Release|x86
		{02A8CD48-4814-42C1-9C32-C8D199B577E4}.Release|x64.ActiveCfg = Release|x64
		{02A8CD48-4814-42C1-9C32-C8D199B577E4}.Release|x64.Build.0 = Release|x64
		{02A8CD48-4814-42C1-9C32-C8D199B577E4}.Release|x64.Deploy.0 = Release|x64
		{02A8CD48-4814-42C1-9C32-C8D199B577E4}.Release|x86.ActiveCfg = Release|x86
		{02A8CD48-4814-42C1-9C32-C8D199B577E4}.Release|x86.Build.0 = Release|x86
		{02A8CD48-4814-42C1-9C32-C8D199B577E4}.Release|x86.Deploy.0 = Release|x86
	EndGlobalSection
	GlobalSection(SolutionProperties) = preSolution
		HideSolutionNode = FALSE
	EndGlobalSection
	GlobalSection(NestedProjects) = preSolution
		{16156A59-81A2-4CC7-881D-61DE547AEDBD} = {BA576D2A-9268-475C-BF0C-371F98EDC784}
		{64217B23-18E6-4AD4-A8F8-8B2ACC23882E} = {BA576D2A-9268-475C-BF0C-371F98EDC784}
		{44687CDC-73FD-4E90-BBBE-DB8962BACDC2} = {BA576D2A-9268-475C-BF0C-371F98EDC784}
		{DED59B89-1D52-400F-8769-4899A04931DB} = {11DC4443-0015-4886-9742-9BBE946CDC95}
		{30E44938-F1BD-458A-AAD1-C72C3302BD83} = {11DC4443-0015-4886-9742-9BBE946CDC95}
		{1EA2D36E-911F-458A-9D82-68FD0135CB19} = {11DC4443-0015-4886-9742-9BBE946CDC95}
		{03814147-1419-494A-8E37-6A2DD8235924} = {DED59B89-1D52-400F-8769-4899A04931DB}
		{BA576D2A-9268-475C-BF0C-371F98EDC784} = {DED59B89-1D52-400F-8769-4899A04931DB}
		{9D1A03BD-E443-41D5-89D6-9B28E3AA8F9B} = {DED59B89-1D52-400F-8769-4899A04931DB}
		{E177AFC0-40BC-42F9-883B-2C39E266487C} = {03814147-1419-494A-8E37-6A2DD8235924}
		{FED1E95A-3C7E-476A-8BF0-66F595E652E1} = {03814147-1419-494A-8E37-6A2DD8235924}
		{02A8CD48-4814-42C1-9C32-C8D199B577E4} = {03814147-1419-494A-8E37-6A2DD8235924}
	EndGlobalSection
	GlobalSection(ExtensibilityGlobals) = postSolution
		SolutionGuid = {6581E55F-CFD5-4BB2-AC58-B596A8F03D74}
	EndGlobalSection
EndGlobal
